<?xml version="1.0" encoding="utf-8"?>
<Project ToolsVersion="4.0" xmlns="http://schemas.microsoft.com/developer/msbuild/2003">
  <ItemGroup>
    <Filter Include="scenes">
      <UniqueIdentifier>{c5ca9e34-d67d-4305-9d80-12c3639edbfb}</UniqueIdentifier>
    </Filter>
    <Filter Include="scenes\gameplay">
      <UniqueIdentifier>{880956d4-4d8e-4b41-9c81-8465252100e4}</UniqueIdentifier>
    </Filter>
    <Filter Include="scenes\main_menu">
      <UniqueIdentifier>{a9fc2c96-9ee1-4547-8bf0-c57533b472e5}</UniqueIdentifier>
    </Filter>
    <Filter Include="game">
      <UniqueIdentifier>{d556b7fd-5bb6-4aa9-aeaf-7193ff12e98f}</UniqueIdentifier>
    </Filter>
    <Filter Include="tools">
      <UniqueIdentifier>{834ed46d-6903-4deb-8ab2-2fe1290c8616}</UniqueIdentifier>
    </Filter>
    <Filter Include="objects">
      <UniqueIdentifier>{1836516f-550d-47e2-adae-e1f465d281a3}</UniqueIdentifier>
    </Filter>
    <Filter Include="objects\bullet">
      <UniqueIdentifier>{3880f5e6-a159-4218-87a5-8c7f7d6ee3be}</UniqueIdentifier>
    </Filter>
    <Filter Include="objects\asteroid">
      <UniqueIdentifier>{107a168a-b0f0-4809-bac3-d01a4ede137a}</UniqueIdentifier>
    </Filter>
    <Filter Include="objects\player">
      <UniqueIdentifier>{6947e0b8-3835-4e02-be5f-325523dc7f92}</UniqueIdentifier>
    </Filter>
    <Filter Include="UI">
      <UniqueIdentifier>{645ee74a-c79f-4040-8f80-c33cf9f8bb99}</UniqueIdentifier>
    </Filter>
    <Filter Include="UI\button">
      <UniqueIdentifier>{6a6ff459-d5ba-4a8b-8e81-fb8b1fb42397}</UniqueIdentifier>
    </Filter>
    <Filter Include="scenes\credits">
      <UniqueIdentifier>{19facceb-47b1-4004-bf6f-6cd4d1574391}</UniqueIdentifier>
    </Filter>
    <Filter Include="scenes\pause">
      <UniqueIdentifier>{8b3ab03a-4592-4315-ab11-b605c497b989}</UniqueIdentifier>
    </Filter>
    <Filter Include="scenes\game_over">
      <UniqueIdentifier>{8526a0ce-3b5c-4e84-911e-175bd77194cf}</UniqueIdentifier>
    </Filter>
    <Filter Include="scenes\how_to_play">
      <UniqueIdentifier>{788fb52e-7154-43cc-a323-21834797b5be}</UniqueIdentifier>
    </Filter>
  </ItemGroup>
  <ItemGroup>
    <ClCompile Include="src\main.cpp" />
    <ClCompile Include="src\game\game.cpp">
      <Filter>game</Filter>
    </ClCompile>
    <ClCompile Include="src\scene\gameplay.cpp">
      <Filter>scenes\gameplay</Filter>
    </ClCompile>
    <ClCompile Include="src\scene\main_menu.cpp">
      <Filter>scenes\main_menu</Filter>
    </ClCompile>
    <ClCompile Include="src\objects\asteroid.cpp">
      <Filter>objects\asteroid</Filter>
    </ClCompile>
    <ClCompile Include="src\objects\bullet.cpp">
      <Filter>objects\bullet</Filter>
    </ClCompile>
    <ClCompile Include="src\objects\player.cpp">
      <Filter>objects\player</Filter>
    </ClCompile>
    <ClCompile Include="src\UI\button.cpp">
      <Filter>UI\button</Filter>
    </ClCompile>
    <ClCompile Include="src\scene\credits.cpp">
      <Filter>scenes\credits</Filter>
    </ClCompile>
    <ClCompile Include="src\scene\pause.cpp">
      <Filter>scenes\pause</Filter>
    </ClCompile>
    <ClCompile Include="src\scene\game_over.cpp">
      <Filter>scenes\game_over</Filter>
    </ClCompile>
    <ClCompile Include="src\scene\how_to_play.cpp">
      <Filter>scenes\how_to_play</Filter>
    </ClCompile>
  </ItemGroup>
  <ItemGroup>
    <ClInclude Include="src\scene\screen_options.h">
      <Filter>scenes</Filter>
    </ClInclude>
    <ClInclude Include="src\tools\circle.h">
      <Filter>tools</Filter>
    </ClInclude>
    <ClInclude Include="src\game\game.h">
      <Filter>game</Filter>
    </ClInclude>
    <ClInclude Include="src\scene\gameplay.h">
      <Filter>scenes\gameplay</Filter>
    </ClInclude>
    <ClInclude Include="src\scene\main_menu.h">
      <Filter>scenes\main_menu</Filter>
    </ClInclude>
    <ClInclude Include="src\objects\asteroid.h">
      <Filter>objects\asteroid</Filter>
    </ClInclude>
    <ClInclude Include="src\objects\bullet.h">
      <Filter>objects\bullet</Filter>
    </ClInclude>
    <ClInclude Include="src\objects\player.h">
      <Filter>objects\player</Filter>
    </ClInclude>
    <ClInclude Include="src\tools\texture_info.h">
      <Filter>tools</Filter>
    </ClInclude>
    <ClInclude Include="src\UI\button.h">
      <Filter>UI\button</Filter>
    </ClInclude>
    <ClInclude Include="src\scene\credits.h">
      <Filter>scenes\credits</Filter>
    </ClInclude>
    <ClInclude Include="src\scene\pause.h">
      <Filter>scenes\pause</Filter>
    </ClInclude>
    <ClInclude Include="src\scene\game_over.h">
      <Filter>scenes\game_over</Filter>
    </ClInclude>
    <ClInclude Include="src\scene\how_to_play.h">
      <Filter>scenes\how_to_play</Filter>
    </ClInclude>
  </ItemGroup>
</Project>